// !$*UTF8*$!
{
	archiveVersion = 1;
	classes = {
	};
	objectVersion = 50;
	objects = {

/* Begin PBXBuildFile section */
		F99D1B7621F956EF00C4E094 /* AppDelegate.m in Sources */ = {isa = PBXBuildFile; fileRef = F99D1B7521F956EF00C4E094 /* AppDelegate.m */; };
		F99D1B7921F956EF00C4E094 /* ViewController.m in Sources */ = {isa = PBXBuildFile; fileRef = F99D1B7821F956EF00C4E094 /* ViewController.m */; };
		F99D1B7C21F956EF00C4E094 /* Main.storyboard in Resources */ = {isa = PBXBuildFile; fileRef = F99D1B7A21F956EF00C4E094 /* Main.storyboard */; };
		F99D1B7E21F956F000C4E094 /* Assets.xcassets in Resources */ = {isa = PBXBuildFile; fileRef = F99D1B7D21F956F000C4E094 /* Assets.xcassets */; };
		F99D1B8121F956F000C4E094 /* LaunchScreen.storyboard in Resources */ = {isa = PBXBuildFile; fileRef = F99D1B7F21F956F000C4E094 /* LaunchScreen.storyboard */; };
		F99D1B8421F956F000C4E094 /* main.m in Sources */ = {isa = PBXBuildFile; fileRef = F99D1B8321F956F000C4E094 /* main.m */; };
		F99D1B8E21F956F000C4E094 /* iOSVipVideoForFreeTests.m in Sources */ = {isa = PBXBuildFile; fileRef = F99D1B8D21F956F000C4E094 /* iOSVipVideoForFreeTests.m */; };
		F99D1B9921F956F000C4E094 /* iOSVipVideoForFreeUITests.m in Sources */ = {isa = PBXBuildFile; fileRef = F99D1B9821F956F000C4E094 /* iOSVipVideoForFreeUITests.m */; };
		F99D1BA821F95FCC00C4E094 /* ZHPickerView.m in Sources */ = {isa = PBXBuildFile; fileRef = F99D1BA621F95FCC00C4E094 /* ZHPickerView.m */; };
/* End PBXBuildFile section */

/* Begin PBXContainerItemProxy section */
		F99D1B8A21F956F000C4E094 /* PBXContainerItemProxy */ = {
			isa = PBXContainerItemProxy;
			containerPortal = F99D1B6921F956EF00C4E094 /* Project object */;
			proxyType = 1;
			remoteGlobalIDString = F99D1B7021F956EF00C4E094;
			remoteInfo = iOSVipVideoForFree;
		};
		F99D1B9521F956F000C4E094 /* PBXContainerItemProxy */ = {
			isa = PBXContainerItemProxy;
			containerPortal = F99D1B6921F956EF00C4E094 /* Project object */;
			proxyType = 1;
			remoteGlobalIDString = F99D1B7021F956EF00C4E094;
			remoteInfo = iOSVipVideoForFree;
		};
/* End PBXContainerItemProxy section */

/* Begin PBXFileReference section */
		F99D1B7121F956EF00C4E094 /* iOSVipVideoForFree.app */ = {isa = PBXFileReference; explicitFileType = wrapper.application; includeInIndex = 0; path = iOSVipVideoForFree.app; sourceTree = BUILT_PRODUCTS_DIR; };
		F99D1B7421F956EF00C4E094 /* AppDelegate.h */ = {isa = PBXFileReference; lastKnownFileType = sourcecode.c.h; path = AppDelegate.h; sourceTree = "<group>"; };
		F99D1B7521F956EF00C4E094 /* AppDelegate.m */ = {isa = PBXFileReference; lastKnownFileType = sourcecode.c.objc; path = AppDelegate.m; sourceTree = "<group>"; };
		F99D1B7721F956EF00C4E094 /* ViewController.h */ = {isa = PBXFileReference; lastKnownFileType = sourcecode.c.h; path = ViewController.h; sourceTree = "<group>"; };
		F99D1B7821F956EF00C4E094 /* ViewController.m */ = {isa = PBXFileReference; lastKnownFileType = sourcecode.c.objc; path = ViewController.m; sourceTree = "<group>"; };
		F99D1B7B21F956EF00C4E094 /* Base */ = {isa = PBXFileReference; lastKnownFileType = file.storyboard; name = Base; path = Base.lproj/Main.storyboard; sourceTree = "<group>"; };
		F99D1B7D21F956F000C4E094 /* Assets.xcassets */ = {isa = PBXFileReference; lastKnownFileType = folder.assetcatalog; path = Assets.xcassets; sourceTree = "<group>"; };
		F99D1B8021F956F000C4E094 /* Base */ = {isa = PBXFileReference; lastKnownFileType = file.storyboard; name = Base; path = Base.lproj/LaunchScreen.storyboard; sourceTree = "<group>"; };
		F99D1B8221F956F000C4E094 /* Info.plist */ = {isa = PBXFileReference; lastKnownFileType = text.plist.xml; path = Info.plist; sourceTree = "<group>"; };
		F99D1B8321F956F000C4E094 /* main.m */ = {isa = PBXFileReference; lastKnownFileType = sourcecode.c.objc; path = main.m; sourceTree = "<group>"; };
		F99D1B8921F956F000C4E094 /* iOSVipVideoForFreeTests.xctest */ = {isa = PBXFileReference; explicitFileType = wrapper.cfbundle; includeInIndex = 0; path = iOSVipVideoForFreeTests.xctest; sourceTree = BUILT_PRODUCTS_DIR; };
		F99D1B8D21F956F000C4E094 /* iOSVipVideoForFreeTests.m */ = {isa = PBXFileReference; lastKnownFileType = sourcecode.c.objc; path = iOSVipVideoForFreeTests.m; sourceTree = "<group>"; };
		F99D1B8F21F956F000C4E094 /* Info.plist */ = {isa = PBXFileReference; lastKnownFileType = text.plist.xml; path = Info.plist; sourceTree = "<group>"; };
		F99D1B9421F956F000C4E094 /* iOSVipVideoForFreeUITests.xctest */ = {isa = PBXFileReference; explicitFileType = wrapper.cfbundle; includeInIndex = 0; path = iOSVipVideoForFreeUITests.xctest; sourceTree = BUILT_PRODUCTS_DIR; };
		F99D1B9821F956F000C4E094 /* iOSVipVideoForFreeUITests.m */ = {isa = PBXFileReference; lastKnownFileType = sourcecode.c.objc; path = iOSVipVideoForFreeUITests.m; sourceTree = "<group>"; };
		F99D1B9A21F956F000C4E094 /* Info.plist */ = {isa = PBXFileReference; lastKnownFileType = text.plist.xml; path = Info.plist; sourceTree = "<group>"; };
		F99D1BA621F95FCC00C4E094 /* ZHPickerView.m */ = {isa = PBXFileReference; fileEncoding = 4; lastKnownFileType = sourcecode.c.objc; path = ZHPickerView.m; sourceTree = "<group>"; };
		F99D1BA721F95FCC00C4E094 /* ZHPickerView.h */ = {isa = PBXFileReference; fileEncoding = 4; lastKnownFileType = sourcecode.c.h; path = ZHPickerView.h; sourceTree = "<group>"; };
/* End PBXFileReference section */

/* Begin PBXFrameworksBuildPhase section */
		F99D1B6E21F956EF00C4E094 /* Frameworks */ = {
			isa = PBXFrameworksBuildPhase;
			buildActionMask = 2147483647;
			files = (
			);
			runOnlyForDeploymentPostprocessing = 0;
		};
		F99D1B8621F956F000C4E094 /* Frameworks */ = {
			isa = PBXFrameworksBuildPhase;
			buildActionMask = 2147483647;
			files = (
			);
			runOnlyForDeploymentPostprocessing = 0;
		};
		F99D1B9121F956F000C4E094 /* Frameworks */ = {
			isa = PBXFrameworksBuildPhase;
			buildActionMask = 2147483647;
			files = (
			);
			runOnlyForDeploymentPostprocessing = 0;
		};
/* End PBXFrameworksBuildPhase section */

/* Begin PBXGroup section */
		F99D1B6821F956EF00C4E094 = {
			isa = PBXGroup;
			children = (
				F99D1B7321F956EF00C4E094 /* iOSVipVideoForFree */,
				F99D1B8C21F956F000C4E094 /* iOSVipVideoForFreeTests */,
				F99D1B9721F956F000C4E094 /* iOSVipVideoForFreeUITests */,
				F99D1B7221F956EF00C4E094 /* Products */,
			);
			sourceTree = "<group>";
		};
		F99D1B7221F956EF00C4E094 /* Products */ = {
			isa = PBXGroup;
			children = (
				F99D1B7121F956EF00C4E094 /* iOSVipVideoForFree.app */,
				F99D1B8921F956F000C4E094 /* iOSVipVideoForFreeTests.xctest */,
				F99D1B9421F956F000C4E094 /* iOSVipVideoForFreeUITests.xctest */,
			);
			name = Products;
			sourceTree = "<group>";
		};
		F99D1B7321F956EF00C4E094 /* iOSVipVideoForFree */ = {
			isa = PBXGroup;
			children = (
				F99D1B7421F956EF00C4E094 /* AppDelegate.h */,
				F99D1B7521F956EF00C4E094 /* AppDelegate.m */,
				F99D1B7721F956EF00C4E094 /* ViewController.h */,
				F99D1B7821F956EF00C4E094 /* ViewController.m */,
				F99D1BA721F95FCC00C4E094 /* ZHPickerView.h */,
				F99D1BA621F95FCC00C4E094 /* ZHPickerView.m */,
				F99D1B7A21F956EF00C4E094 /* Main.storyboard */,
				F99D1B7D21F956F000C4E094 /* Assets.xcassets */,
				F99D1B7F21F956F000C4E094 /* LaunchScreen.storyboard */,
				F99D1B8221F956F000C4E094 /* Info.plist */,
				F99D1B8321F956F000C4E094 /* main.m */,
			);
			path = iOSVipVideoForFree;
			sourceTree = "<group>";
		};
		F99D1B8C21F956F000C4E094 /* iOSVipVideoForFreeTests */ = {
			isa = PBXGroup;
			children = (
				F99D1B8D21F956F000C4E094 /* iOSVipVideoForFreeTests.m */,
				F99D1B8F21F956F000C4E094 /* Info.plist */,
			);
			path = iOSVipVideoForFreeTests;
			sourceTree = "<group>";
		};
		F99D1B9721F956F000C4E094 /* iOSVipVideoForFreeUITests */ = {
			isa = PBXGroup;
			children = (
				F99D1B9821F956F000C4E094 /* iOSVipVideoForFreeUITests.m */,
				F99D1B9A21F956F000C4E094 /* Info.plist */,
			);
			path = iOSVipVideoForFreeUITests;
			sourceTree = "<group>";
		};
/* End PBXGroup section */

/* Begin PBXNativeTarget section */
		F99D1B7021F956EF00C4E094 /* iOSVipVideoForFree */ = {
			isa = PBXNativeTarget;
			buildConfigurationList = F99D1B9D21F956F000C4E094 /* Build configuration list for PBXNativeTarget "iOSVipVideoForFree" */;
			buildPhases = (
				F99D1B6D21F956EF00C4E094 /* Sources */,
				F99D1B6E21F956EF00C4E094 /* Frameworks */,
				F99D1B6F21F956EF00C4E094 /* Resources */,
			);
			buildRules = (
			);
			dependencies = (
			);
			name = iOSVipVideoForFree;
			productName = iOSVipVideoForFree;
			productReference = F99D1B7121F956EF00C4E094 /* iOSVipVideoForFree.app */;
			productType = "com.apple.product-type.application";
		};
		F99D1B8821F956F000C4E094 /* iOSVipVideoForFreeTests */ = {
			isa = PBXNativeTarget;
			buildConfigurationList = F99D1BA021F956F000C4E094 /* Build configuration list for PBXNativeTarget "iOSVipVideoForFreeTests" */;
			buildPhases = (
				F99D1B8521F956F000C4E094 /* Sources */,
				F99D1B8621F956F000C4E094 /* Frameworks */,
				F99D1B8721F956F000C4E094 /* Resources */,
			);
			buildRules = (
			);
			dependencies = (
				F99D1B8B21F956F000C4E094 /* PBXTargetDependency */,
			);
			name = iOSVipVideoForFreeTests;
			productName = iOSVipVideoForFreeTests;
			productReference = F99D1B8921F956F000C4E094 /* iOSVipVideoForFreeTests.xctest */;
			productType = "com.apple.product-type.bundle.unit-test";
		};
		F99D1B9321F956F000C4E094 /* iOSVipVideoForFreeUITests */ = {
			isa = PBXNativeTarget;
			buildConfigurationList = F99D1BA321F956F000C4E094 /* Build configuration list for PBXNativeTarget "iOSVipVideoForFreeUITests" */;
			buildPhases = (
				F99D1B9021F956F000C4E094 /* Sources */,
				F99D1B9121F956F000C4E094 /* Frameworks */,
				F99D1B9221F956F000C4E094 /* Resources */,
			);
			buildRules = (
			);
			dependencies = (
				F99D1B9621F956F000C4E094 /* PBXTargetDependency */,
			);
			name = iOSVipVideoForFreeUITests;
			productName = iOSVipVideoForFreeUITests;
			productReference = F99D1B9421F956F000C4E094 /* iOSVipVideoForFreeUITests.xctest */;
			productType = "com.apple.product-type.bundle.ui-testing";
		};
/* End PBXNativeTarget section */

/* Begin PBXProject section */
		F99D1B6921F956EF00C4E094 /* Project object */ = {
			isa = PBXProject;
			attributes = {
				LastUpgradeCheck = 1000;
				ORGANIZATIONNAME = "张豪";
				TargetAttributes = {
					F99D1B7021F956EF00C4E094 = {
						CreatedOnToolsVersion = 10.0;
					};
					F99D1B8821F956F000C4E094 = {
						CreatedOnToolsVersion = 10.0;
						TestTargetID = F99D1B7021F956EF00C4E094;
					};
					F99D1B9321F956F000C4E094 = {
						CreatedOnToolsVersion = 10.0;
						TestTargetID = F99D1B7021F956EF00C4E094;
					};
				};
			};
			buildConfigurationList = F99D1B6C21F956EF00C4E094 /* Build configuration list for PBXProject "iOSVipVideoForFree" */;
			compatibilityVersion = "Xcode 9.3";
			developmentRegion = en;
			hasScannedForEncodings = 0;
			knownRegions = (
				en,
				Base,
			);
			mainGroup = F99D1B6821F956EF00C4E094;
			productRefGroup = F99D1B7221F956EF00C4E094 /* Products */;
			projectDirPath = "";
			projectRoot = "";
			targets = (
				F99D1B7021F956EF00C4E094 /* iOSVipVideoForFree */,
				F99D1B8821F956F000C4E094 /* iOSVipVideoForFreeTests */,
				F99D1B9321F956F000C4E094 /* iOSVipVideoForFreeUITests */,
			);
		};
/* End PBXProject section */

/* Begin PBXResourcesBuildPhase section */
		F99D1B6F21F956EF00C4E094 /* Resources */ = {
			isa = PBXResourcesBuildPhase;
			buildActionMask = 2147483647;
			files = (
				F99D1B8121F956F000C4E094 /* LaunchScreen.storyboard in Resources */,
				F99D1B7E21F956F000C4E094 /* Assets.xcassets in Resources */,
				F99D1B7C21F956EF00C4E094 /* Main.storyboard in Resources */,
			);
			runOnlyForDeploymentPostprocessing = 0;
		};
		F99D1B8721F956F000C4E094 /* Resources */ = {
			isa = PBXResourcesBuildPhase;
			buildActionMask = 2147483647;
			files = (
			);
			runOnlyForDeploymentPostprocessing = 0;
		};
		F99D1B9221F956F000C4E094 /* Resources */ = {
			isa = PBXResourcesBuildPhase;
			buildActionMask = 2147483647;
			files = (
			);
			runOnlyForDeploymentPostprocessing = 0;
		};
/* End PBXResourcesBuildPhase section */

/* Begin PBXSourcesBuildPhase section */
		F99D1B6D21F956EF00C4E094 /* Sources */ = {
			isa = PBXSourcesBuildPhase;
			buildActionMask = 2147483647;
			files = (
				F99D1BA821F95FCC00C4E094 /* ZHPickerView.m in Sources */,
				F99D1B7921F956EF00C4E094 /* ViewController.m in Sources */,
				F99D1B8421F956F000C4E094 /* main.m in Sources */,
				F99D1B7621F956EF00C4E094 /* AppDelegate.m in Sources */,
			);
			runOnlyForDeploymentPostprocessing = 0;
		};
		F99D1B8521F956F000C4E094 /* Sources */ = {
			isa = PBXSourcesBuildPhase;
			buildActionMask = 2147483647;
			files = (
				F99D1B8E21F956F000C4E094 /* iOSVipVideoForFreeTests.m in Sources */,
			);
			runOnlyForDeploymentPostprocessing = 0;
		};
		F99D1B9021F956F000C4E094 /* Sources */ = {
			isa = PBXSourcesBuildPhase;
			buildActionMask = 2147483647;
			files = (
				F99D1B9921F956F000C4E094 /* iOSVipVideoForFreeUITests.m in Sources */,
			);
			runOnlyForDeploymentPostprocessing = 0;
		};
/* End PBXSourcesBuildPhase section */

/* Begin PBXTargetDependency section */
		F99D1B8B21F956F000C4E094 /* PBXTargetDependency */ = {
			isa = PBXTargetDependency;
			target = F99D1B7021F956EF00C4E094 /* iOSVipVideoForFree */;
			targetProxy = F99D1B8A21F956F000C4E094 /* PBXContainerItemProxy */;
		};
		F99D1B9621F956F000C4E094 /* PBXTargetDependency */ = {
			isa = PBXTargetDependency;
			target = F99D1B7021F956EF00C4E094 /* iOSVipVideoForFree */;
			targetProxy = F99D1B9521F956F000C4E094 /* PBXContainerItemProxy */;
		};
/* End PBXTargetDependency section */

/* Begin PBXVariantGroup section */
		F99D1B7A21F956EF00C4E094 /* Main.storyboard */ = {
			isa = PBXVariantGroup;
			children = (
				F99D1B7B21F956EF00C4E094 /* Base */,
			);
			name = Main.storyboard;
			sourceTree = "<group>";
		};
		F99D1B7F21F956F000C4E094 /* LaunchScreen.storyboard */ = {
			isa = PBXVariantGroup;
			children = (
				F99D1B8021F956F000C4E094 /* Base */,
			);
			name = LaunchScreen.storyboard;
			sourceTree = "<group>";
		};
/* End PBXVariantGroup section */

/* Begin XCBuildConfiguration section */
		F99D1B9B21F956F000C4E094 /* Debug */ = {
			isa = XCBuildConfiguration;
			buildSettings = {
				ALWAYS_SEARCH_USER_PATHS = NO;
				CLANG_ANALYZER_NONNULL = YES;
				CLANG_ANALYZER_NUMBER_OBJECT_CONVERSION = YES_AGGRESSIVE;
				CLANG_CXX_LANGUAGE_STANDARD = "gnu++14";
				CLANG_CXX_LIBRARY = "libc++";
				CLANG_ENABLE_MODULES = YES;
				CLANG_ENABLE_OBJC_ARC = YES;
				CLANG_ENABLE_OBJC_WEAK = YES;
				CLANG_WARN_BLOCK_CAPTURE_AUTORELEASING = YES;
				CLANG_WARN_BOOL_CONVERSION = YES;
				CLANG_WARN_COMMA = YES;
				CLANG_WARN_CONSTANT_CONVERSION = YES;
				CLANG_WARN_DEPRECATED_OBJC_IMPLEMENTATIONS = YES;
				CLANG_WARN_DIRECT_OBJC_ISA_USAGE = YES_ERROR;
				CLANG_WARN_DOCUMENTATION_COMMENTS = YES;
				CLANG_WARN_EMPTY_BODY = YES;
				CLANG_WARN_ENUM_CONVERSION = YES;
				CLANG_WARN_INFINITE_RECURSION = YES;
				CLANG_WARN_INT_CONVERSION = YES;
				CLANG_WARN_NON_LITERAL_NULL_CONVERSION = YES;
				CLANG_WARN_OBJC_IMPLICIT_RETAIN_SELF = YES;
				CLANG_WARN_OBJC_LITERAL_CONVERSION = YES;
				CLANG_WARN_OBJC_ROOT_CLASS = YES_ERROR;
				CLANG_WARN_RANGE_LOOP_ANALYSIS = YES;
				CLANG_WARN_STRICT_PROTOTYPES = YES;
				CLANG_WARN_SUSPICIOUS_MOVE = YES;
				CLANG_WARN_UNGUARDED_AVAILABILITY = YES_AGGRESSIVE;
				CLANG_WARN_UNREACHABLE_CODE = YES;
				CLANG_WARN__DUPLICATE_METHOD_MATCH = YES;
				CODE_SIGN_IDENTITY = "iPhone Developer";
				COPY_PHASE_STRIP = NO;
				DEBUG_INFORMATION_FORMAT = dwarf;
				ENABLE_STRICT_OBJC_MSGSEND = YES;
				ENABLE_TESTABILITY = YES;
				GCC_C_LANGUAGE_STANDARD = gnu11;
				GCC_DYNAMIC_NO_PIC = NO;
				GCC_NO_COMMON_BLOCKS = YES;
				GCC_OPTIMIZATION_LEVEL = 0;
				GCC_PREPROCESSOR_DEFINITIONS = (
					"DEBUG=1",
					"$(inherited)",
				);
				GCC_WARN_64_TO_32_BIT_CONVERSION = YES;
				GCC_WARN_ABOUT_RETURN_TYPE = YES_ERROR;
				GCC_WARN_UNDECLARED_SELECTOR = YES;
				GCC_WARN_UNINITIALIZED_AUTOS = YES_AGGRESSIVE;
				GCC_WARN_UNUSED_FUNCTION = YES;
				GCC_WARN_UNUSED_VARIABLE = YES;
				IPHONEOS_DEPLOYMENT_TARGET = 12.0;
				MTL_ENABLE_DEBUG_INFO = INCLUDE_SOURCE;
				MTL_FAST_MATH = YES;
				ONLY_ACTIVE_ARCH = YES;
				SDKROOT = iphoneos;
			};
			name = Debug;
		};
		F99D1B9C21F956F000C4E094 /* Release */ = {
			isa = XCBuildConfiguration;
			buildSettings = {
				ALWAYS_SEARCH_USER_PATHS = NO;
				CLANG_ANALYZER_NONNULL = YES;
				CLANG_ANALYZER_NUMBER_OBJECT_CONVERSION = YES_AGGRESSIVE;
				CLANG_CXX_LANGUAGE_STANDARD = "gnu++14";
				CLANG_CXX_LIBRARY = "libc++";
				CLANG_ENABLE_MODULES = YES;
				CLANG_ENABLE_OBJC_ARC = YES;
				CLANG_ENABLE_OBJC_WEAK = YES;
				CLANG_WARN_BLOCK_CAPTURE_AUTORELEASING = YES;
				CLANG_WARN_BOOL_CONVERSION = YES;
				CLANG_WARN_COMMA = YES;
				CLANG_WARN_CONSTANT_CONVERSION = YES;
				CLANG_WARN_DEPRECATED_OBJC_IMPLEMENTATIONS = YES;
				CLANG_WARN_DIRECT_OBJC_ISA_USAGE = YES_ERROR;
				CLANG_WARN_DOCUMENTATION_COMMENTS = YES;
				CLANG_WARN_EMPTY_BODY = YES;
				CLANG_WARN_ENUM_CONVERSION = YES;
				CLANG_WARN_INFINITE_RECURSION = YES;
				CLANG_WARN_INT_CONVERSION = YES;
				CLANG_WARN_NON_LITERAL_NULL_CONVERSION = YES;
				CLANG_WARN_OBJC_IMPLICIT_RETAIN_SELF = YES;
				CLANG_WARN_OBJC_LITERAL_CONVERSION = YES;
				CLANG_WARN_OBJC_ROOT_CLASS = YES_ERROR;
				CLANG_WARN_RANGE_LOOP_ANALYSIS = YES;
				CLANG_WARN_STRICT_PROTOTYPES = YES;
				CLANG_WARN_SUSPICIOUS_MOVE = YES;
				CLANG_WARN_UNGUARDED_AVAILABILITY = YES_AGGRESSIVE;
				CLANG_WARN_UNREACHABLE_CODE = YES;
				CLANG_WARN__DUPLICATE_METHOD_MATCH = YES;
				CODE_SIGN_IDENTITY = "iPhone Developer";
				COPY_PHASE_STRIP = NO;
				DEBUG_INFORMATION_FORMAT = "dwarf-with-dsym";
				ENABLE_NS_ASSERTIONS = NO;
				ENABLE_STRICT_OBJC_MSGSEND = YES;
				GCC_C_LANGUAGE_STANDARD = gnu11;
				GCC_NO_COMMON_BLOCKS = YES;
				GCC_WARN_64_TO_32_BIT_CONVERSION = YES;
				GCC_WARN_ABOUT_RETURN_TYPE = YES_ERROR;
				GCC_WARN_UNDECLARED_SELECTOR = YES;
				GCC_WARN_UNINITIALIZED_AUTOS = YES_AGGRESSIVE;
				GCC_WARN_UNUSED_FUNCTION = YES;
				GCC_WARN_UNUSED_VARIABLE = YES;
				IPHONEOS_DEPLOYMENT_TARGET = 12.0;
				MTL_ENABLE_DEBUG_INFO = NO;
				MTL_FAST_MATH = YES;
				SDKROOT = iphoneos;
				VALIDATE_PRODUCT = YES;
			};
			name = Release;
		};
		F99D1B9E21F956F000C4E094 /* Debug */ = {
			isa = XCBuildConfiguration;
			buildSettings = {
				ASSETCATALOG_COMPILER_APPICON_NAME = AppIcon;
				CODE_SIGN_STYLE = Automatic;
				DEVELOPMENT_TEAM = 8J48HY82XT;
				INFOPLIST_FILE = iOSVipVideoForFree/Info.plist;
				LD_RUNPATH_SEARCH_PATHS = (
					"$(inherited)",
					"@executable_path/Frameworks",
				);
				PRODUCT_BUNDLE_IDENTIFIER = com.renhejinfu.iOSVipVideoForFree;
				PRODUCT_NAME = "$(TARGET_NAME)";
				TARGETED_DEVICE_FAMILY = "1,2";
			};
			name = Debug;
		};
		F99D1B9F21F956F000C4E094 /* Release */ = {
			isa = XCBuildConfiguration;
			buildSettings = {
				ASSETCATALOG_COMPILER_APPICON_NAME = AppIcon;
				CODE_SIGN_STYLE = Automatic;
				DEVELOPMENT_TEAM = 8J48HY82XT;
				INFOPLIST_FILE = iOSVipVideoForFree/Info.plist;
				LD_RUNPATH_SEARCH_PATHS = (
					"$(inherited)",
					"@executable_path/Frameworks",
				);
				PRODUCT_BUNDLE_IDENTIFIER = com.renhejinfu.iOSVipVideoForFree;
				PRODUCT_NAME = "$(TARGET_NAME)";
				TARGETED_DEVICE_FAMILY = "1,2";
			};
			name = Release;
		};
		F99D1BA121F956F000C4E094 /* Debug */ = {
			isa = XCBuildConfiguration;
			buildSettings = {
				BUNDLE_LOADER = "$(TEST_HOST)";
				CODE_SIGN_STYLE = Automatic;
				DEVELOPMENT_TEAM = 8J48HY82XT;
				INFOPLIST_FILE = iOSVipVideoForFreeTests/Info.plist;
				LD_RUNPATH_SEARCH_PATHS = (
					"$(inherited)",
					"@executable_path/Frameworks",
					"@loader_path/Frameworks",
				);
				PRODUCT_BUNDLE_IDENTIFIER = com.renhejinfu.iOSVipVideoForFreeTests;
				PRODUCT_NAME = "$(TARGET_NAME)";
				TARGETED_DEVICE_FAMILY = "1,2";
				TEST_HOST = "$(BUILT_PRODUCTS_DIR)/iOSVipVideoForFree.app/iOSVipVideoForFree";
			};
			name = Debug;
		};
		F99D1BA221F956F000C4E094 /* Release */ = {
			isa = XCBuildConfiguration;
			buildSettings = {
				BUNDLE_LOADER = "$(TEST_HOST)";
				CODE_SIGN_STYLE = Automatic;
				DEVELOPMENT_TEAM = 8J48HY82XT;
				INFOPLIST_FILE = iOSVipVideoForFreeTests/Info.plist;
				LD_RUNPATH_SEARCH_PATHS = (
					"$(inherited)",
					"@executable_path/Frameworks",
					"@loader_path/Frameworks",
				);
				PRODUCT_BUNDLE_IDENTIFIER = com.renhejinfu.iOSVipVideoForFreeTests;
				PRODUCT_NAME = "$(TARGET_NAME)";
				TARGETED_DEVICE_FAMILY = "1,2";
				TEST_HOST = "$(BUILT_PRODUCTS_DIR)/iOSVipVideoForFree.app/iOSVipVideoForFree";
			};
			name = Release;
		};
		F99D1BA421F956F000C4E094 /* Debug */ = {
			isa = XCBuildConfiguration;
			buildSettings = {
				CODE_SIGN_STYLE = Automatic;
				DEVELOPMENT_TEAM = 8J48HY82XT;
				INFOPLIST_FILE = iOSVipVideoForFreeUITests/Info.plist;
				LD_RUNPATH_SEARCH_PATHS = (
					"$(inherited)",
					"@executable_path/Frameworks",
					"@loader_path/Frameworks",
				);
				PRODUCT_BUNDLE_IDENTIFIER = com.renhejinfu.iOSVipVideoForFreeUITests;
				PRODUCT_NAME = "$(TARGET_NAME)";
				TARGETED_DEVICE_FAMILY = "1,2";
				TEST_TARGET_NAME = iOSVipVideoForFree;
			};
			name = Debug;
		};
		F99D1BA521F956F000C4E094 /* Release */ = {
			isa = XCBuildConfiguration;
			buildSettings = {
				CODE_SIGN_STYLE = Automatic;
				DEVELOPMENT_TEAM = 8J48HY82XT;
				INFOPLIST_FILE = iOSVipVideoForFreeUITests/Info.plist;
				LD_RUNPATH_SEARCH_PATHS = (
					"$(inherited)",
					"@executable_path/Frameworks",
					"@loader_path/Frameworks",
				);
				PRODUCT_BUNDLE_IDENTIFIER = com.renhejinfu.iOSVipVideoForFreeUITests;
				PRODUCT_NAME = "$(TARGET_NAME)";
				TARGETED_DEVICE_FAMILY = "1,2";
				TEST_TARGET_NAME = iOSVipVideoForFree;
			};
			name = Release;
		};
/* End XCBuildConfiguration section */

/* Begin XCConfigurationList section */
		F99D1B6C21F956EF00C4E094 /* Build configuration list for PBXProject "iOSVipVideoForFree" */ = {
			isa = XCConfigurationList;
			buildConfigurations = (
				F99D1B9B21F956F000C4E094 /* Debug */,
				F99D1B9C21F956F000C4E094 /* Release */,
			);
			defaultConfigurationIsVisible = 0;
			defaultConfigurationName = Release;
		};
		F99D1B9D21F956F000C4E094 /* Build configuration list for PBXNativeTarget "iOSVipVideoForFree" */ = {
			isa = XCConfigurationList;
			buildConfigurations = (
				F99D1B9E21F956F000C4E094 /* Debug */,
				F99D1B9F21F956F000C4E094 /* Release */,
			);
			defaultConfigurationIsVisible = 0;
			defaultConfigurationName = Release;
		};
		F99D1BA021F956F000C4E094 /* Build configuration list for PBXNativeTarget "iOSVipVideoForFreeTests" */ = {
			isa = XCConfigurationList;
			buildConfigurations = (
				F99D1BA121F956F000C4E094 /* Debug */,
				F99D1BA221F956F000C4E094 /* Release */,
			);
			defaultConfigurationIsVisible = 0;
			defaultConfigurationName = Release;
		};
		F99D1BA321F956F000C4E094 /* Build configuration list for PBXNativeTarget "iOSVipVideoForFreeUITests" */ = {
			isa = XCConfigurationList;
			buildConfigurations = (
				F99D1BA421F956F000C4E094 /* Debug */,
				F99D1BA521F956F000C4E094 /* Release */,
			);
			defaultConfigurationIsVisible = 0;
			defaultConfigurationName = Release;
		};
/* End XCConfigurationList section */
	};
	rootObject = F99D1B6921F956EF00C4E094 /* Project object */;
}
